
Microsoft Visual Studio Solution File, Format Version 12.00
# Visual Studio Version 17
VisualStudioVersion = 17.3.32811.315
MinimumVisualStudioVersion = 10.0.40219.1
Project("{FAE04EC0-301F-11D3-BF4B-00C04F79EFBC}") = "EmployeeProductReview", "EmployeeProductReview.csproj", "{E444218E-FEAF-42F1-AE06-4A63C69D73FF}"
EndProject
Global
	GlobalSection(SolutionConfigurationPlatforms) = preSolution
		Debug|Any CPU = Debug|Any CPU
		Release|Any CPU = Release|Any CPU
	EndGlobalSection
	GlobalSection(ProjectConfigurationPlatforms) = postSolution
		{E444218E-FEAF-42F1-AE06-4A63C69D73FF}.Debug|Any CPU.ActiveCfg = Debug|Any CPU
		{E444218E-FEAF-42F1-AE06-4A63C69D73FF}.Debug|Any CPU.Build.0 = Debug|Any CPU
		{E444218E-FEAF-42F1-AE06-4A63C69D73FF}.Release|Any CPU.ActiveCfg = Release|Any CPU
		{E444218E-FEAF-42F1-AE06-4A63C69D73FF}.Release|Any CPU.Build.0 = Release|Any CPU
	EndGlobalSection
	GlobalSection(SolutionProperties) = preSolution
		HideSolutionNode = FALSE
	EndGlobalSection
	GlobalSection(ExtensibilityGlobals) = postSolution
		SolutionGuid = {809B4323-398C-4261-A156-2FE5FA3542E2}
	EndGlobalSection
EndGlobal
